Microsoft Visual Studio Solution File, Format Version 12.00
# Visual Studio Version 17
VisualStudioVersion = 17.5.2.0
MinimumVisualStudioVersion = 10.0.40219.1
Project("{FAE04EC0-301F-11D3-BF4B-00C04F79EFBC}") = "Univents", "Univents.csproj", "{01D1E0FF-DF94-FB8F-8554-C3DB9FE4EAB7}"
EndProject
Global
	GlobalSection(SolutionConfigurationPlatforms) = preSolution
		Debug|Any CPU = Debug|Any CPU
		Release|Any CPU = Release|Any CPU
	EndGlobalSection
	GlobalSection(ProjectConfigurationPlatforms) = postSolution
		{01D1E0FF-DF94-FB8F-8554-C3DB9FE4EAB7}.Debug|Any CPU.ActiveCfg = Debug|Any CPU
		{01D1E0FF-DF94-FB8F-8554-C3DB9FE4EAB7}.Debug|Any CPU.Build.0 = Debug|Any CPU
		{01D1E0FF-DF94-FB8F-8554-C3DB9FE4EAB7}.Release|Any CPU.ActiveCfg = Release|Any CPU
		{01D1E0FF-DF94-FB8F-8554-C3DB9FE4EAB7}.Release|Any CPU.Build.0 = Release|Any CPU
	EndGlobalSection
	GlobalSection(SolutionProperties) = preSolution
		HideSolutionNode = FALSE
	EndGlobalSection
	GlobalSection(ExtensibilityGlobals) = postSolution
		SolutionGuid = {3D60F70E-0954-4020-900D-EF4AF733FA8E}
	EndGlobalSection
EndGlobal
